
Microsoft Visual Studio Solution File, Format Version 12.00
# Visual Studio Version 17
VisualStudioVersion = 17.13.35931.197
MinimumVisualStudioVersion = 10.0.40219.1
Project("{FAE04EC0-301F-11D3-BF4B-00C04F79EFBC}") = "CoreConsoleApp", "CoreConsoleApp.csproj", "{6DF3F8AE-2CB4-4E6B-B655-767DDF64A8CD}"
EndProject
Project("{FAE04EC0-301F-11D3-BF4B-00C04F79EFBC}") = "GreetingMessageFormatterLib", "..\GreetingMessageFormatterLib\GreetingMessageFormatterLib.csproj", "{4495DA04-8B60-46FC-A01F-DFFF16B284D6}"
EndProject
Project("{FAE04EC0-301F-11D3-BF4B-00C04F79EFBC}") = "WindowsFormsApp", "..\WindowsFormsApp\WindowsFormsApp.csproj", "{BA997B4A-9683-4D1C-8CF1-D675EB21DD6F}"
EndProject
Project("{FAE04EC0-301F-11D3-BF4B-00C04F79EFBC}") = "WpfApp", "..\WpfApp\WpfApp.csproj", "{2CA289AB-1F19-41F2-B5AC-BBFC68D5D33C}"
EndProject
Global
	GlobalSection(SolutionConfigurationPlatforms) = preSolution
		Debug|Any CPU = Debug|Any CPU
		Release|Any CPU = Release|Any CPU
	EndGlobalSection
	GlobalSection(ProjectConfigurationPlatforms) = postSolution
		{6DF3F8AE-2CB4-4E6B-B655-767DDF64A8CD}.Debug|Any CPU.ActiveCfg = Debug|Any CPU
		{6DF3F8AE-2CB4-4E6B-B655-767DDF64A8CD}.Debug|Any CPU.Build.0 = Debug|Any CPU
		{6DF3F8AE-2CB4-4E6B-B655-767DDF64A8CD}.Release|Any CPU.ActiveCfg = Release|Any CPU
		{6DF3F8AE-2CB4-4E6B-B655-767DDF64A8CD}.Release|Any CPU.Build.0 = Release|Any CPU
		{4495DA04-8B60-46FC-A01F-DFFF16B284D6}.Debug|Any CPU.ActiveCfg = Debug|Any CPU
		{4495DA04-8B60-46FC-A01F-DFFF16B284D6}.Debug|Any CPU.Build.0 = Debug|Any CPU
		{4495DA04-8B60-46FC-A01F-DFFF16B284D6}.Release|Any CPU.ActiveCfg = Release|Any CPU
		{4495DA04-8B60-46FC-A01F-DFFF16B284D6}.Release|Any CPU.Build.0 = Release|Any CPU
		{BA997B4A-9683-4D1C-8CF1-D675EB21DD6F}.Debug|Any CPU.ActiveCfg = Debug|Any CPU
		{BA997B4A-9683-4D1C-8CF1-D675EB21DD6F}.Debug|Any CPU.Build.0 = Debug|Any CPU
		{BA997B4A-9683-4D1C-8CF1-D675EB21DD6F}.Release|Any CPU.ActiveCfg = Release|Any CPU
		{BA997B4A-9683-4D1C-8CF1-D675EB21DD6F}.Release|Any CPU.Build.0 = Release|Any CPU
		{2CA289AB-1F19-41F2-B5AC-BBFC68D5D33C}.Debug|Any CPU.ActiveCfg = Debug|Any CPU
		{2CA289AB-1F19-41F2-B5AC-BBFC68D5D33C}.Debug|Any CPU.Build.0 = Debug|Any CPU
		{2CA289AB-1F19-41F2-B5AC-BBFC68D5D33C}.Release|Any CPU.ActiveCfg = Release|Any CPU
		{2CA289AB-1F19-41F2-B5AC-BBFC68D5D33C}.Release|Any CPU.Build.0 = Release|Any CPU
	EndGlobalSection
	GlobalSection(SolutionProperties) = preSolution
		HideSolutionNode = FALSE
	EndGlobalSection
	GlobalSection(ExtensibilityGlobals) = postSolution
		SolutionGuid = {0AE8EE6A-F3BD-448E-8871-A2F07A94DCC1}
	EndGlobalSection
EndGlobal
